
Microsoft Visual Studio Solution File, Format Version 11.00
# Visual Studio 2010
Project("{FAE04EC0-301F-11D3-BF4B-00C04F79EFBC}") = "Releaser.Core", "Releaser.Core\Releaser.Core.csproj", "{B71C5F47-5855-4E98-87F8-058878551286}"
EndProject
Project("{FAE04EC0-301F-11D3-BF4B-00C04F79EFBC}") = "Releaser.Core.Tests", "Releaser.Core.Tests\Releaser.Core.Tests.csproj", "{51987A2F-92CB-4EA2-AE85-E7B9C3FAB245}"
EndProject
Project("{2150E333-8FDC-42A3-9474-1A3956D46DE8}") = "Solution Items", "Solution Items", "{7A69265C-AB97-4D1E-AD76-AD6285F25394}"
	ProjectSection(SolutionItems) = preProject
		Local.testsettings = Local.testsettings
		Releaser.Core.vsmdi = Releaser.Core.vsmdi
		TraceAndTestImpact.testsettings = TraceAndTestImpact.testsettings
	EndProjectSection
EndProject
Project("{FAE04EC0-301F-11D3-BF4B-00C04F79EFBC}") = "Releaser.Console", "Releaser.Console\Releaser.Console.csproj", "{FBCD2AE3-00AD-47CD-9616-B7A308A70DAA}"
EndProject
Project("{FAE04EC0-301F-11D3-BF4B-00C04F79EFBC}") = "Releaser.Engine", "Releaser.Engine\Releaser.Engine.csproj", "{9FE76A3A-5480-434A-BBEC-E28D3E250C60}"
EndProject
Global
	GlobalSection(TestCaseManagementSettings) = postSolution
		CategoryFile = Releaser.Core.vsmdi
	EndGlobalSection
	GlobalSection(SolutionConfigurationPlatforms) = preSolution
		Debug|Any CPU = Debug|Any CPU
		Debug|Mixed Platforms = Debug|Mixed Platforms
		Debug|X64 = Debug|X64
		Debug|x86 = Debug|x86
		Release|Any CPU = Release|Any CPU
		Release|Mixed Platforms = Release|Mixed Platforms
		Release|X64 = Release|X64
		Release|x86 = Release|x86
	EndGlobalSection
	GlobalSection(ProjectConfigurationPlatforms) = postSolution
		{B71C5F47-5855-4E98-87F8-058878551286}.Debug|Any CPU.ActiveCfg = Debug|Any CPU
		{B71C5F47-5855-4E98-87F8-058878551286}.Debug|Any CPU.Build.0 = Debug|Any CPU
		{B71C5F47-5855-4E98-87F8-058878551286}.Debug|Mixed Platforms.ActiveCfg = Debug|Any CPU
		{B71C5F47-5855-4E98-87F8-058878551286}.Debug|Mixed Platforms.Build.0 = Debug|Any CPU
		{B71C5F47-5855-4E98-87F8-058878551286}.Debug|X64.ActiveCfg = Debug|X64
		{B71C5F47-5855-4E98-87F8-058878551286}.Debug|X64.Build.0 = Debug|X64
		{B71C5F47-5855-4E98-87F8-058878551286}.Debug|x86.ActiveCfg = Debug|X64
		{B71C5F47-5855-4E98-87F8-058878551286}.Release|Any CPU.ActiveCfg = Release|Any CPU
		{B71C5F47-5855-4E98-87F8-058878551286}.Release|Any CPU.Build.0 = Release|Any CPU
		{B71C5F47-5855-4E98-87F8-058878551286}.Release|Mixed Platforms.ActiveCfg = Release|X64
		{B71C5F47-5855-4E98-87F8-058878551286}.Release|Mixed Platforms.Build.0 = Release|X64
		{B71C5F47-5855-4E98-87F8-058878551286}.Release|X64.ActiveCfg = Release|X64
		{B71C5F47-5855-4E98-87F8-058878551286}.Release|X64.Build.0 = Release|X64
		{B71C5F47-5855-4E98-87F8-058878551286}.Release|x86.ActiveCfg = Release|X64
		{51987A2F-92CB-4EA2-AE85-E7B9C3FAB245}.Debug|Any CPU.ActiveCfg = Debug|Any CPU
		{51987A2F-92CB-4EA2-AE85-E7B9C3FAB245}.Debug|Any CPU.Build.0 = Debug|Any CPU
		{51987A2F-92CB-4EA2-AE85-E7B9C3FAB245}.Debug|Mixed Platforms.ActiveCfg = Debug|Any CPU
		{51987A2F-92CB-4EA2-AE85-E7B9C3FAB245}.Debug|Mixed Platforms.Build.0 = Debug|Any CPU
		{51987A2F-92CB-4EA2-AE85-E7B9C3FAB245}.Debug|X64.ActiveCfg = Debug|X64
		{51987A2F-92CB-4EA2-AE85-E7B9C3FAB245}.Debug|X64.Build.0 = Debug|X64
		{51987A2F-92CB-4EA2-AE85-E7B9C3FAB245}.Debug|x86.ActiveCfg = Debug|X64
		{51987A2F-92CB-4EA2-AE85-E7B9C3FAB245}.Release|Any CPU.ActiveCfg = Release|Any CPU
		{51987A2F-92CB-4EA2-AE85-E7B9C3FAB245}.Release|Any CPU.Build.0 = Release|Any CPU
		{51987A2F-92CB-4EA2-AE85-E7B9C3FAB245}.Release|Mixed Platforms.ActiveCfg = Release|X64
		{51987A2F-92CB-4EA2-AE85-E7B9C3FAB245}.Release|Mixed Platforms.Build.0 = Release|X64
		{51987A2F-92CB-4EA2-AE85-E7B9C3FAB245}.Release|X64.ActiveCfg = Release|X64
		{51987A2F-92CB-4EA2-AE85-E7B9C3FAB245}.Release|X64.Build.0 = Release|X64
		{51987A2F-92CB-4EA2-AE85-E7B9C3FAB245}.Release|x86.ActiveCfg = Release|X64
		{FBCD2AE3-00AD-47CD-9616-B7A308A70DAA}.Debug|Any CPU.ActiveCfg = Debug|x86
		{FBCD2AE3-00AD-47CD-9616-B7A308A70DAA}.Debug|Mixed Platforms.ActiveCfg = Debug|x86
		{FBCD2AE3-00AD-47CD-9616-B7A308A70DAA}.Debug|Mixed Platforms.Build.0 = Debug|x86
		{FBCD2AE3-00AD-47CD-9616-B7A308A70DAA}.Debug|X64.ActiveCfg = Debug|x86
		{FBCD2AE3-00AD-47CD-9616-B7A308A70DAA}.Debug|x86.ActiveCfg = Debug|x86
		{FBCD2AE3-00AD-47CD-9616-B7A308A70DAA}.Debug|x86.Build.0 = Debug|x86
		{FBCD2AE3-00AD-47CD-9616-B7A308A70DAA}.Release|Any CPU.ActiveCfg = Release|x86
		{FBCD2AE3-00AD-47CD-9616-B7A308A70DAA}.Release|Mixed Platforms.ActiveCfg = Release|x86
		{FBCD2AE3-00AD-47CD-9616-B7A308A70DAA}.Release|Mixed Platforms.Build.0 = Release|x86
		{FBCD2AE3-00AD-47CD-9616-B7A308A70DAA}.Release|X64.ActiveCfg = Release|x86
		{FBCD2AE3-00AD-47CD-9616-B7A308A70DAA}.Release|x86.ActiveCfg = Release|x86
		{FBCD2AE3-00AD-47CD-9616-B7A308A70DAA}.Release|x86.Build.0 = Release|x86
		{9FE76A3A-5480-434A-BBEC-E28D3E250C60}.Debug|Any CPU.ActiveCfg = Debug|x86
		{9FE76A3A-5480-434A-BBEC-E28D3E250C60}.Debug|Mixed Platforms.ActiveCfg = Debug|x86
		{9FE76A3A-5480-434A-BBEC-E28D3E250C60}.Debug|Mixed Platforms.Build.0 = Debug|x86
		{9FE76A3A-5480-434A-BBEC-E28D3E250C60}.Debug|X64.ActiveCfg = Debug|x86
		{9FE76A3A-5480-434A-BBEC-E28D3E250C60}.Debug|x86.ActiveCfg = Debug|x86
		{9FE76A3A-5480-434A-BBEC-E28D3E250C60}.Debug|x86.Build.0 = Debug|x86
		{9FE76A3A-5480-434A-BBEC-E28D3E250C60}.Release|Any CPU.ActiveCfg = Release|x86
		{9FE76A3A-5480-434A-BBEC-E28D3E250C60}.Release|Mixed Platforms.ActiveCfg = Release|x86
		{9FE76A3A-5480-434A-BBEC-E28D3E250C60}.Release|Mixed Platforms.Build.0 = Release|x86
		{9FE76A3A-5480-434A-BBEC-E28D3E250C60}.Release|X64.ActiveCfg = Release|x86
		{9FE76A3A-5480-434A-BBEC-E28D3E250C60}.Release|x86.ActiveCfg = Release|x86
		{9FE76A3A-5480-434A-BBEC-E28D3E250C60}.Release|x86.Build.0 = Release|x86
	EndGlobalSection
	GlobalSection(SolutionProperties) = preSolution
		HideSolutionNode = FALSE
	EndGlobalSection
EndGlobal
